{
  "name": "npm-install-linked",
  "version": "1.0.0",
  "lockfileVersion": 2,
  "requires": true,
  "packages": {
    "": {
      "name": "npm-install-linked",
      "version": "1.0.0",
      "license": "MPL-2.0",
      "dependencies": {
        "minimist": "^1.2.5"
      },
      "devDependencies": {
        "@studio/changes": "^2.2.0"
      }
    },
    "node_modules/@studio/changes": {
      "version": "2.2.0",
      "resolved": "https://registry.npmjs.org/@studio/changes/-/changes-2.2.0.tgz",
      "integrity": "sha512-G1S1sTT4NSL/mWY9UZfCoezwGC2LJZMbeSQXy74P/JPenzJ5hKrsS4szhnTly1oHkzfi5IEXAgFAkGt5lIcWPg==",
      "dev": true,
      "dependencies": {
        "@studio/editor": "^1.1.1",
        "@studio/json-request": "^3.0.0",
        "detect-indent": "^6.0.0",
        "hosted-git-info": "^3.0.8",
        "minimist": "^1.2.5"
      },
      "bin": {
        "changes": "bin/cmd.js"
      }
    },
    "node_modules/@studio/editor": {
      "version": "1.1.1",
      "resolved": "https://registry.npmjs.org/@studio/editor/-/editor-1.1.1.tgz",
      "integrity": "sha512-7p8csYohtOi7rg+4SBd9EiartTymBO/wtDbnpdO7MzrgtN/uYFrtW1Q6TZ7zlClEe812J8Xs3HgjSUU/sU3JbQ==",
      "dev": true
    },
    "node_modules/@studio/json-request": {
      "version": "3.0.1",
      "resolved": "https://registry.npmjs.org/@studio/json-request/-/json-request-3.0.1.tgz",
      "integrity": "sha512-thgKLdM76VXtE2FmWPIMu0Hl40m+ll8UJsQIFvjJQNTTYvmEAqVGepsMcH1ll4y2GsI0kJgZgCJJiy/YEDj1Jw==",
      "dev": true,
      "dependencies": {
        "@studio/log": "^2.0.0"
      },
      "engines": {
        "node": ">=4.0.0"
      }
    },
    "node_modules/@studio/log": {
      "version": "2.0.0",
      "resolved": "https://registry.npmjs.org/@studio/log/-/log-2.0.0.tgz",
      "integrity": "sha512-E/+2/MgDNfCSKH32lgRhqWXqZizvAuPJw9iv1bXt6vVMUkuUObE3XEyYSR5pbdzJFH4igUyd1mF32aci5mK+VQ==",
      "dev": true,
      "dependencies": {
        "@studio/log-topics": "^1.0.0"
      }
    },
    "node_modules/@studio/log-topics": {
      "version": "1.0.0",
      "resolved": "https://registry.npmjs.org/@studio/log-topics/-/log-topics-1.0.0.tgz",
      "integrity": "sha512-I+pV1dEOrw6cNwFMa5AChqbPxjQAjFS9xGs3us3OTDQKktkZtHNHCSVHsHEM0UkUTCJgS/4kXBWJdzAP/KVyfw==",
      "dev": true
    },
    "node_modules/detect-indent": {
      "version": "6.1.0",
      "resolved": "https://registry.npmjs.org/detect-indent/-/detect-indent-6.1.0.tgz",
      "integrity": "sha512-reYkTUJAZb9gUuZ2RvVCNhVHdg62RHnJ7WJl8ftMi4diZ6NWlciOzQN88pUhSELEwflJht4oQDv0F0BMlwaYtA==",
      "dev": true,
      "engines": {
        "node": ">=8"
      }
    },
    "node_modules/hosted-git-info": {
      "version": "3.0.8",
      "resolved": "https://registry.npmjs.org/hosted-git-info/-/hosted-git-info-3.0.8.tgz",
      "integrity": "sha512-aXpmwoOhRBrw6X3j0h5RloK4x1OzsxMPyxqIHyNfSe2pypkVTZFpEiRoSipPEPlMrh0HW/XsjkJ5WgnCirpNUw==",
      "dev": true,
      "dependencies": {
        "lru-cache": "^6.0.0"
      },
      "engines": {
        "node": ">=10"
      }
    },
    "node_modules/lru-cache": {
      "version": "6.0.0",
      "resolved": "https://registry.npmjs.org/lru-cache/-/lru-cache-6.0.0.tgz",
      "integrity": "sha512-Jo6dJ04CmSjuznwJSS3pUeWmd/H0ffTlkXXgwZi+eq1UCmqQwCh+eLsYOYCwY991i2Fah4h1BEMCx4qThGbsiA==",
      "dev": true,
      "dependencies": {
        "yallist": "^4.0.0"
      },
      "engines": {
        "node": ">=10"
      }
    },
    "node_modules/minimist": {
      "version": "1.2.5",
      "resolved": "https://registry.npmjs.org/minimist/-/minimist-1.2.5.tgz",
      "integrity": "sha512-FM9nNUYrRBAELZQT3xeZQ7fmMOBg6nWNmJKTcgsJeaLstP/UODVpGsr5OhXhhXg6f+qtJ8uiZ+PUxkDWcgIXLw=="
    },
    "node_modules/yallist": {
      "version": "4.0.0",
      "resolved": "https://registry.npmjs.org/yallist/-/yallist-4.0.0.tgz",
      "integrity": "sha512-3wdGidZyq5PB084XLES5TpOSRA3wjXAlIWMhum2kRcv/41Sn2emQ0dycQW4uZXLejwKvg6EsvbdlVL+FYEct7A==",
      "dev": true
    }
  },
  "dependencies": {
    "@studio/changes": {
      "version": "2.2.0",
      "resolved": "https://registry.npmjs.org/@studio/changes/-/changes-2.2.0.tgz",
      "integrity": "sha512-G1S1sTT4NSL/mWY9UZfCoezwGC2LJZMbeSQXy74P/JPenzJ5hKrsS4szhnTly1oHkzfi5IEXAgFAkGt5lIcWPg==",
      "dev": true,
      "requires": {
        "@studio/editor": "^1.1.1",
        "@studio/json-request": "^3.0.0",
        "detect-indent": "^6.0.0",
        "hosted-git-info": "^3.0.8",
        "minimist": "^1.2.5"
      }
    },
    "@studio/editor": {
      "version": "1.1.1",
      "resolved": "https://registry.npmjs.org/@studio/editor/-/editor-1.1.1.tgz",
      "integrity": "sha512-7p8csYohtOi7rg+4SBd9EiartTymBO/wtDbnpdO7MzrgtN/uYFrtW1Q6TZ7zlClEe812J8Xs3HgjSUU/sU3JbQ==",
      "dev": true
    },
    "@studio/json-request": {
      "version": "3.0.1",
      "resolved": "https://registry.npmjs.org/@studio/json-request/-/json-request-3.0.1.tgz",
      "integrity": "sha512-thgKLdM76VXtE2FmWPIMu0Hl40m+ll8UJsQIFvjJQNTTYvmEAqVGepsMcH1ll4y2GsI0kJgZgCJJiy/YEDj1Jw==",
      "dev": true,
      "requires": {
        "@studio/log": "^2.0.0"
      }
    },
    "@studio/log": {
      "version": "2.0.0",
      "resolved": "https://registry.npmjs.org/@studio/log/-/log-2.0.0.tgz",
      "integrity": "sha512-E/+2/MgDNfCSKH32lgRhqWXqZizvAuPJw9iv1bXt6vVMUkuUObE3XEyYSR5pbdzJFH4igUyd1mF32aci5mK+VQ==",
      "dev": true,
      "requires": {
        "@studio/log-topics": "^1.0.0"
      }
    },
    "@studio/log-topics": {
      "version": "1.0.0",
      "resolved": "https://registry.npmjs.org/@studio/log-topics/-/log-topics-1.0.0.tgz",
      "integrity": "sha512-I+pV1dEOrw6cNwFMa5AChqbPxjQAjFS9xGs3us3OTDQKktkZtHNHCSVHsHEM0UkUTCJgS/4kXBWJdzAP/KVyfw==",
      "dev": true
    },
    "detect-indent": {
      "version": "6.1.0",
      "resolved": "https://registry.npmjs.org/detect-indent/-/detect-indent-6.1.0.tgz",
      "integrity": "sha512-reYkTUJAZb9gUuZ2RvVCNhVHdg62RHnJ7WJl8ftMi4diZ6NWlciOzQN88pUhSELEwflJht4oQDv0F0BMlwaYtA==",
      "dev": true
    },
    "hosted-git-info": {
      "version": "3.0.8",
      "resolved": "https://registry.npmjs.org/hosted-git-info/-/hosted-git-info-3.0.8.tgz",
      "integrity": "sha512-aXpmwoOhRBrw6X3j0h5RloK4x1OzsxMPyxqIHyNfSe2pypkVTZFpEiRoSipPEPlMrh0HW/XsjkJ5WgnCirpNUw==",
      "dev": true,
      "requires": {
        "lru-cache": "^6.0.0"
      }
    },
    "lru-cache": {
      "version": "6.0.0",
      "resolved": "https://registry.npmjs.org/lru-cache/-/lru-cache-6.0.0.tgz",
      "integrity": "sha512-Jo6dJ04CmSjuznwJSS3pUeWmd/H0ffTlkXXgwZi+eq1UCmqQwCh+eLsYOYCwY991i2Fah4h1BEMCx4qThGbsiA==",
      "dev": true,
      "requires": {
        "yallist": "^4.0.0"
      }
    },
    "minimist": {
      "version": "1.2.5",
      "resolved": "https://registry.npmjs.org/minimist/-/minimist-1.2.5.tgz",
      "integrity": "sha512-FM9nNUYrRBAELZQT3xeZQ7fmMOBg6nWNmJKTcgsJeaLstP/UODVpGsr5OhXhhXg6f+qtJ8uiZ+PUxkDWcgIXLw=="
    },
    "yallist": {
      "version": "4.0.0",
      "resolved": "https://registry.npmjs.org/yallist/-/yallist-4.0.0.tgz",
      "integrity": "sha512-3wdGidZyq5PB084XLES5TpOSRA3wjXAlIWMhum2kRcv/41Sn2emQ0dycQW4uZXLejwKvg6EsvbdlVL+FYEct7A==",
      "dev": true
    }
  }
}
